
Microsoft Visual Studio Solution File, Format Version 12.00
# Visual Studio 15
VisualStudioVersion = 15.0.27004.2010
MinimumVisualStudioVersion = 10.0.40219.1
Project("{FAE04EC0-301F-11D3-BF4B-00C04F79EFBC}") = "StarTrekGame", "StarTrekGame\StarTrekGame.csproj", "{8664DB77-AC13-4A2E-9A6F-D03E3FDBD273}"
EndProject
Project("{FAE04EC0-301F-11D3-BF4B-00C04F79EFBC}") = "StarTrekGameTest", "StarTrekGameTest\StarTrekGameTest.csproj", "{10C57856-7375-4119-8F72-FB44459F98DC}"
EndProject
Global
	GlobalSection(SolutionConfigurationPlatforms) = preSolution
		Debug|Any CPU = Debug|Any CPU
		Release|Any CPU = Release|Any CPU
	EndGlobalSection
	GlobalSection(ProjectConfigurationPlatforms) = postSolution
		{8664DB77-AC13-4A2E-9A6F-D03E3FDBD273}.Debug|Any CPU.ActiveCfg = Debug|Any CPU
		{8664DB77-AC13-4A2E-9A6F-D03E3FDBD273}.Debug|Any CPU.Build.0 = Debug|Any CPU
		{8664DB77-AC13-4A2E-9A6F-D03E3FDBD273}.Release|Any CPU.ActiveCfg = Release|Any CPU
		{8664DB77-AC13-4A2E-9A6F-D03E3FDBD273}.Release|Any CPU.Build.0 = Release|Any CPU
		{10C57856-7375-4119-8F72-FB44459F98DC}.Debug|Any CPU.ActiveCfg = Debug|Any CPU
		{10C57856-7375-4119-8F72-FB44459F98DC}.Debug|Any CPU.Build.0 = Debug|Any CPU
		{10C57856-7375-4119-8F72-FB44459F98DC}.Release|Any CPU.ActiveCfg = Release|Any CPU
		{10C57856-7375-4119-8F72-FB44459F98DC}.Release|Any CPU.Build.0 = Release|Any CPU
	EndGlobalSection
	GlobalSection(SolutionProperties) = preSolution
		HideSolutionNode = FALSE
	EndGlobalSection
	GlobalSection(ExtensibilityGlobals) = postSolution
		SolutionGuid = {833A8CD6-27B9-49A9-9CBF-BEA117FD7D19}
	EndGlobalSection
EndGlobal
